{
    "_readme": [
        "This file locks the dependencies of your project to a known state",
        "Read more about it at https://getcomposer.org/doc/01-basic-usage.md#installing-dependencies",
        "This file is @generated automatically"
    ],
    "content-hash": "c0e0354c3991049916890a9bb65a84df",
    "packages": [
        {
            "name": "econea/nusoap",
            "version": "v0.9.7",
            "source": {
                "type": "git",
                "url": "https://github.com/f00b4r/nusoap.git",
                "reference": "6f9dbb82bdd64d537947707dd7873248aa152003"
            },
            "dist": {
                "type": "zip",
                "url": "https://api.github.com/repos/f00b4r/nusoap/zipball/6f9dbb82bdd64d537947707dd7873248aa152003",
                "reference": "6f9dbb82bdd64d537947707dd7873248aa152003",
                "shasum": ""
            },
            "require": {
                "php": ">=5.4"
            },
            "require-dev": {
                "jakub-onderka/php-parallel-lint": "~1.0.0"
            },
            "type": "library",
            "extra": {
                "branch-alias": {
                    "dev-0.9.x": "0.9.7.x-dev",
                    "dev-develop": "1.0.x-dev"
                }
            },
            "autoload": {
                "classmap": [
                    "src/"
                ]
            },
            "notification-url": "https://packagist.org/downloads/",
            "license": [
                "LGPL-2.0-only"
            ],
            "authors": [
                {
                    "name": "Milan Felix Šulc",
                    "homepage": "https://f3l1x.io"
                }
            ],
            "description": "Fixed NuSOAP for PHP 5.6 - 7.3",
            "homepage": "https://github.com/econea/nusoap",
            "keywords": [
                "client",
                "http",
                "nusoap",
                "php",
                "soap",
                "transport",
                "xml"
            ],
            "support": {
                "issues": "https://github.com/f00b4r/nusoap/issues",
                "source": "https://github.com/f00b4r/nusoap/tree/v0.9.7"
            },
            "funding": [
                {
                    "url": "https://contributte.org/partners.html",
                    "type": "custom"
                },
                {
                    "url": "https://github.com/f3l1x",
                    "type": "github"
                }
            ],
            "time": "2019-11-20T09:03:39+00:00"
        },
        {
            "name": "uspdev/boleto",
            "version": "1.0.7",
            "source": {
                "type": "git",
                "url": "https://github.com/uspdev/boleto.git",
                "reference": "3d968255366f2bdab9d0078cfe546759f8192b1a"
            },
            "dist": {
                "type": "zip",
                "url": "https://api.github.com/repos/uspdev/boleto/zipball/3d968255366f2bdab9d0078cfe546759f8192b1a",
                "reference": "3d968255366f2bdab9d0078cfe546759f8192b1a",
                "shasum": ""
            },
            "require": {
                "econea/nusoap": "0.9.7"
            },
            "type": "library",
            "autoload": {
                "psr-4": {
                    "Uspdev\\": "src"
                }
            },
            "notification-url": "https://packagist.org/downloads/",
            "license": [
                "GPL-2.0-or-later"
            ],
            "authors": [
                {
                    "name": "Thiago Gomes Verissimo",
                    "email": "thiago.verissimo@usp.br",
                    "homepage": "https://github.com/thiagogomesverissimo"
                }
            ],
            "description": "Classe PHP para uso de boleto na USP",
            "homepage": "https://github.com/uspdev/boleto",
            "support": {
                "issues": "https://github.com/uspdev/boleto/issues",
                "source": "https://github.com/uspdev/boleto/tree/1.0.7"
            },
            "time": "2020-09-16T11:50:37+00:00"
        }
    ],
    "packages-dev": [],
    "aliases": [],
    "minimum-stability": "stable",
    "stability-flags": [],
    "prefer-stable": false,
    "prefer-lowest": false,
    "platform": [],
    "platform-dev": [],
    "plugin-api-version": "2.2.0"
}
